<Solution>
  <Configurations>
    <Platform Name="Any CPU" />
    <Platform Name="x64" />
    <Platform Name="x86" />
  </Configurations>
  <Project Path="SentryReplay.Data/SentryReplay.Data.csproj" />
  <Project Path="SentryReplay.Tests/SentryReplay.Tests.csproj" />
  <Project Path="SentryReplay/SentryReplay.csproj" />
</Solution>
